
Microsoft Visual Studio Solution File, Format Version 12.00
# Visual Studio Version 16
VisualStudioVersion = 16.0.31129.286
MinimumVisualStudioVersion = 10.0.40219.1
Project("{9A19103F-16F7-4668-BE54-9A1E7A4F7556}") = "Docker.MultiApp.Web", "Docker.MultiApp.Web\Docker.MultiApp.Web.csproj", "{32CBF238-1B5E-4C9A-81A1-C491BFD94622}"
EndProject
Project("{9A19103F-16F7-4668-BE54-9A1E7A4F7556}") = "Docker.MultiApp.API", "Docker.MultiApp.API\Docker.MultiApp.API.csproj", "{909D5C78-F4E0-4EFC-9E40-F65E4EAF8295}"
EndProject
Project("{E53339B2-1760-4266-BCC7-CA923CBCF16C}") = "docker-compose", "docker-compose.dcproj", "{1D7ECFE2-E11B-4D95-9665-2E8BCEBA9B04}"
EndProject
Global
	GlobalSection(SolutionConfigurationPlatforms) = preSolution
		Debug|Any CPU = Debug|Any CPU
		Release|Any CPU = Release|Any CPU
	EndGlobalSection
	GlobalSection(ProjectConfigurationPlatforms) = postSolution
		{32CBF238-1B5E-4C9A-81A1-C491BFD94622}.Debug|Any CPU.ActiveCfg = Debug|Any CPU
		{32CBF238-1B5E-4C9A-81A1-C491BFD94622}.Debug|Any CPU.Build.0 = Debug|Any CPU
		{32CBF238-1B5E-4C9A-81A1-C491BFD94622}.Release|Any CPU.ActiveCfg = Release|Any CPU
		{32CBF238-1B5E-4C9A-81A1-C491BFD94622}.Release|Any CPU.Build.0 = Release|Any CPU
		{909D5C78-F4E0-4EFC-9E40-F65E4EAF8295}.Debug|Any CPU.ActiveCfg = Debug|Any CPU
		{909D5C78-F4E0-4EFC-9E40-F65E4EAF8295}.Debug|Any CPU.Build.0 = Debug|Any CPU
		{909D5C78-F4E0-4EFC-9E40-F65E4EAF8295}.Release|Any CPU.ActiveCfg = Release|Any CPU
		{909D5C78-F4E0-4EFC-9E40-F65E4EAF8295}.Release|Any CPU.Build.0 = Release|Any CPU
		{1D7ECFE2-E11B-4D95-9665-2E8BCEBA9B04}.Debug|Any CPU.ActiveCfg = Debug|Any CPU
		{1D7ECFE2-E11B-4D95-9665-2E8BCEBA9B04}.Debug|Any CPU.Build.0 = Debug|Any CPU
		{1D7ECFE2-E11B-4D95-9665-2E8BCEBA9B04}.Release|Any CPU.ActiveCfg = Release|Any CPU
		{1D7ECFE2-E11B-4D95-9665-2E8BCEBA9B04}.Release|Any CPU.Build.0 = Release|Any CPU
	EndGlobalSection
	GlobalSection(SolutionProperties) = preSolution
		HideSolutionNode = FALSE
	EndGlobalSection
	GlobalSection(ExtensibilityGlobals) = postSolution
		SolutionGuid = {EAAC7802-D7D4-42C6-8C24-F11B1076DE8D}
	EndGlobalSection
EndGlobal
